PODS:
  - Alamofire (4.7.3)
  - ObjectMapper (3.3.0)
  - RxAlamofire (4.3.0):
    - RxAlamofire/Core (= 4.3.0)
  - RxAlamofire/Core (4.3.0):
    - Alamofire (~> 4.5)
    - RxSwift (~> 4)
  - RxCocoa (4.3.1):
    - RxSwift (~> 4.0)
  - RxSwift (4.3.1)
  - SwiftDate (4.5.1)
  - SwiftLint (0.27.0)
  - TableKit (2.7.0)
  - UIScrollView-InfiniteScroll (1.0.2)

DEPENDENCIES:
  - ObjectMapper (~> 3.1)
  - RxAlamofire (~> 4.1)
  - RxCocoa (~> 4.1)
  - RxSwift (~> 4.1)
  - SwiftDate (~> 4.5)
  - SwiftLint (~> 0.25)
  - TableKit (~> 2.6)
  - UIScrollView-InfiniteScroll (~> 1.0.0)

SPEC REPOS:
  https://github.com/cocoapods/specs.git:
    - Alamofire
    - ObjectMapper
    - RxAlamofire
    - RxCocoa
    - RxSwift
    - SwiftDate
    - SwiftLint
    - TableKit
    - UIScrollView-InfiniteScroll

SPEC CHECKSUMS:
  Alamofire: c7287b6e5d7da964a70935e5db17046b7fde6568
  ObjectMapper: b612bf8c8e99c4dc0bb6013a51f7c27966ed5da9
  RxAlamofire: 09624d0f2d48ed8b686e4eb4cf68e28cbd2df556
  RxCocoa: 78763c7b07d02455598d9fc3c1ad091a28b73635
  RxSwift: fe0fd770a43acdb7d0a53da411c9b892e69bb6e4
  SwiftDate: 7b56d42a221f582047287deb256b23fc5ed49a60
  SwiftLint: 3207c1faa2240bf8973b191820a116113cd11073
  TableKit: 506650573ed96ec007649b655559ecd43f9fd505
  UIScrollView-InfiniteScroll: c132d6d5851daff229ab4a1060ccf70a05a051c9

PODFILE CHECKSUM: c664ef2965e7a828be2da9711aaa145b256e7d99

COCOAPODS: 1.5.3
